PODS:
  - BeeCloud (2.5)
  - BeeCloud_aliPay (2.5)
  - BeeCloud_UPay (2.5)
  - BeeCloud_wxPay (2.5)

DEPENDENCIES:
  - BeeCloud (from `https://github.com/beecloud/ios-sdk-cocoapods-release.git`, branch
    `core`)
  - BeeCloud_aliPay (from `https://github.com/beecloud/ios-sdk-cocoapods-release.git`,
    branch `aliPay`)
  - BeeCloud_UPay (from `https://github.com/beecloud/ios-sdk-cocoapods-release.git`,
    branch `UnionPay`)
  - BeeCloud_wxPay (from `https://github.com/beecloud/ios-sdk-cocoapods-release.git`,
    branch `wxPay`)

EXTERNAL SOURCES:
  BeeCloud:
    :branch: core
    :git: https://github.com/beecloud/ios-sdk-cocoapods-release.git
  BeeCloud_aliPay:
    :branch: aliPay
    :git: https://github.com/beecloud/ios-sdk-cocoapods-release.git
  BeeCloud_UPay:
    :branch: UnionPay
    :git: https://github.com/beecloud/ios-sdk-cocoapods-release.git
  BeeCloud_wxPay:
    :branch: wxPay
    :git: https://github.com/beecloud/ios-sdk-cocoapods-release.git

CHECKOUT OPTIONS:
  BeeCloud:
    :commit: e6f291cb0b5a7305b2be58a8edd534fb05e4088e
    :git: https://github.com/beecloud/ios-sdk-cocoapods-release.git
  BeeCloud_aliPay:
    :commit: 304a6857ee0039e8986e07132af0cc132218fd06
    :git: https://github.com/beecloud/ios-sdk-cocoapods-release.git
  BeeCloud_UPay:
    :commit: 810b658cf8e030287726a6fd8813b8a9b9006c2a
    :git: https://github.com/beecloud/ios-sdk-cocoapods-release.git
  BeeCloud_wxPay:
    :commit: 892a28313f7231e2c375442c5cdb1b6fa1aed729
    :git: https://github.com/beecloud/ios-sdk-cocoapods-release.git

SPEC CHECKSUMS:
  BeeCloud: 171686dc1bc1d915ef782dcb43485d87c327f56b
  BeeCloud_aliPay: d48243cf222d70173f9621fd816c987791f47eee
  BeeCloud_UPay: 756bb544454b47eacfb9128e42b6350610128461
  BeeCloud_wxPay: 226ae7ad72b18afc99996e03017db0c838b914d1

COCOAPODS: 0.36.3
