PODS:
  - BeeCloud (2.4.3)
  - BeeCloud_aliPay (2.4.3)
  - BeeCloud_UPay (2.4.3)
  - BeeCloud_wxPay (2.4.3)

DEPENDENCIES:
  - BeeCloud (from `https://github.com/beecloud/ios-sdk-cocoapods-release.git`, branch
    `core`)
  - BeeCloud_aliPay (from `https://github.com/beecloud/ios-sdk-cocoapods-release.git`,
    branch `aliPay`)
  - BeeCloud_UPay (from `https://github.com/beecloud/ios-sdk-cocoapods-release.git`,
    branch `UnionPay`)
  - BeeCloud_wxPay (from `https://github.com/beecloud/ios-sdk-cocoapods-release.git`,
    branch `wxPay`)

EXTERNAL SOURCES:
  BeeCloud:
    :branch: core
    :git: https://github.com/beecloud/ios-sdk-cocoapods-release.git
  BeeCloud_aliPay:
    :branch: aliPay
    :git: https://github.com/beecloud/ios-sdk-cocoapods-release.git
  BeeCloud_UPay:
    :branch: UnionPay
    :git: https://github.com/beecloud/ios-sdk-cocoapods-release.git
  BeeCloud_wxPay:
    :branch: wxPay
    :git: https://github.com/beecloud/ios-sdk-cocoapods-release.git

CHECKOUT OPTIONS:
  BeeCloud:
    :commit: b192f895c56389e727cb78eb5d6b0651d8ea5f7c
    :git: https://github.com/beecloud/ios-sdk-cocoapods-release.git
  BeeCloud_aliPay:
    :commit: 1678b070fab506179b8f97197a74d7313d04807b
    :git: https://github.com/beecloud/ios-sdk-cocoapods-release.git
  BeeCloud_UPay:
    :commit: e0e3f6bee8a559cfd798e315dbff7c1db2080801
    :git: https://github.com/beecloud/ios-sdk-cocoapods-release.git
  BeeCloud_wxPay:
    :commit: 6e4ddb9625df969a302c19cc9d5e72dbd2890306
    :git: https://github.com/beecloud/ios-sdk-cocoapods-release.git

SPEC CHECKSUMS:
  BeeCloud: 47ff1a00de23f6074a199b870d4d39ace1ff47de
  BeeCloud_aliPay: cae8ec3ae1b9754dea7f4ac9b48604027ca2f103
  BeeCloud_UPay: 415cacb8b88f0e5531b162e8ba905aeaa14dc628
  BeeCloud_wxPay: 48b1792703e769d205a878a44f0f6ebf6bae7bb2

COCOAPODS: 0.36.1
