PODS:
  - BeeCloud (2.4)
  - BeeCloud_aliPay (2.4)
  - BeeCloud_UPay (2.4)
  - BeeCloud_wxPay (2.4)

DEPENDENCIES:
  - BeeCloud (from `https://github.com/beecloud/ios-sdk-cocoapods-release.git`, branch `core`)
  - BeeCloud_aliPay (from `https://github.com/beecloud/ios-sdk-cocoapods-release.git`, branch `aliPay`)
  - BeeCloud_UPay (from `https://github.com/beecloud/ios-sdk-cocoapods-release.git`, branch `UnionPay`)
  - BeeCloud_wxPay (from `https://github.com/beecloud/ios-sdk-cocoapods-release.git`, branch `wxPay`)

EXTERNAL SOURCES:
  BeeCloud:
    :branch: core
    :git: https://github.com/beecloud/ios-sdk-cocoapods-release.git
  BeeCloud_aliPay:
    :branch: aliPay
    :git: https://github.com/beecloud/ios-sdk-cocoapods-release.git
  BeeCloud_UPay:
    :branch: UnionPay
    :git: https://github.com/beecloud/ios-sdk-cocoapods-release.git
  BeeCloud_wxPay:
    :branch: wxPay
    :git: https://github.com/beecloud/ios-sdk-cocoapods-release.git

CHECKOUT OPTIONS:
  BeeCloud:
    :commit: 09b3a4c8492c74ffe2b7a4a033c18b1ba8c1eaa0
    :git: https://github.com/beecloud/ios-sdk-cocoapods-release.git
  BeeCloud_aliPay:
    :commit: 0e97eda9c36a0a6f525cc0b069a4260ff6bea419
    :git: https://github.com/beecloud/ios-sdk-cocoapods-release.git
  BeeCloud_UPay:
    :commit: 7347f74c5460825f3594557b72b1ff9302d77759
    :git: https://github.com/beecloud/ios-sdk-cocoapods-release.git
  BeeCloud_wxPay:
    :commit: 1da2c8f556bc6840efb06d04e67a8f4698dc5f75
    :git: https://github.com/beecloud/ios-sdk-cocoapods-release.git

SPEC CHECKSUMS:
  BeeCloud: f001fb3f8dc4721f7583f13d4de24c36a6f3d1e3
  BeeCloud_aliPay: 05dabd840561462956155c1c2a2b903908f57c91
  BeeCloud_UPay: 311573ee3e3cc74a7407c900117f6e41fbfcd2a1
  BeeCloud_wxPay: 72dee05dbab535d8473d88b2ec21bdf91452b14f

COCOAPODS: 0.36.0
