// !$*UTF8*$!
{
	archiveVersion = 1;
	classes = {
	};
	objectVersion = 46;
	objects = {

/* Begin PBXBuildFile section */
		8F552CCF1A79D64D001FB21E /* ViewController.xib in Resources */ = {isa = PBXBuildFile; fileRef = 8F552CCE1A79D64D001FB21E /* ViewController.xib */; };
		8F83F3031A83704300774DAF /* QuartzCore.framework in Frameworks */ = {isa = PBXBuildFile; fileRef = 8F83F3021A83704300774DAF /* QuartzCore.framework */; };
		8F9007361A76387500DE2468 /* AlipaySDK.framework in Frameworks */ = {isa = PBXBuildFile; fileRef = 8F9007351A76387500DE2468 /* AlipaySDK.framework */; };
		8F9007391A763D4A00DE2468 /* libsqlite3.dylib in Frameworks */ = {isa = PBXBuildFile; fileRef = 8F9007381A763D4A00DE2468 /* libsqlite3.dylib */; };
		8FBFDCF91A63A46F00F0984A /* CoreGraphics.framework in Frameworks */ = {isa = PBXBuildFile; fileRef = 8FBFDCF81A63A46F00F0984A /* CoreGraphics.framework */; };
		8FBFDCFB1A63A48000F0984A /* MobileCoreServices.framework in Frameworks */ = {isa = PBXBuildFile; fileRef = 8FBFDCFA1A63A48000F0984A /* MobileCoreServices.framework */; };
		8FBFDCFD1A63A49100F0984A /* CoreTelephony.framework in Frameworks */ = {isa = PBXBuildFile; fileRef = 8FBFDCFC1A63A49100F0984A /* CoreTelephony.framework */; };
		8FBFDCFF1A63A49B00F0984A /* CoreLocation.framework in Frameworks */ = {isa = PBXBuildFile; fileRef = 8FBFDCFE1A63A49B00F0984A /* CoreLocation.framework */; };
		8FC83E541A8468FC00AE6756 /* BeeCloud.framework in Frameworks */ = {isa = PBXBuildFile; fileRef = 8FBFDCF61A63A0C800F0984A /* BeeCloud.framework */; };
		8FCCB1171A5B8210006BAE8F /* libc++.dylib in Frameworks */ = {isa = PBXBuildFile; fileRef = 8FCCB1161A5B8210006BAE8F /* libc++.dylib */; };
		8FCCB1191A5B839B006BAE8F /* libz.dylib in Frameworks */ = {isa = PBXBuildFile; fileRef = 8FCCB1181A5B839B006BAE8F /* libz.dylib */; };
		DD3DA6A61A077F8900F7B55B /* CommonUtil.m in Sources */ = {isa = PBXBuildFile; fileRef = DD3DA6A51A077F8900F7B55B /* CommonUtil.m */; };
		DDD5EB7219D8F5410034430B /* main.m in Sources */ = {isa = PBXBuildFile; fileRef = DDD5EB7119D8F5410034430B /* main.m */; };
		DDD5EB7519D8F5410034430B /* AppDelegate.m in Sources */ = {isa = PBXBuildFile; fileRef = DDD5EB7419D8F5410034430B /* AppDelegate.m */; };
		DDD5EB7819D8F5410034430B /* ViewController.mm in Sources */ = {isa = PBXBuildFile; fileRef = DDD5EB7719D8F5410034430B /* ViewController.mm */; };
		DDD5EB7D19D8F5410034430B /* Images.xcassets in Resources */ = {isa = PBXBuildFile; fileRef = DDD5EB7C19D8F5410034430B /* Images.xcassets */; };
		DDD5EB8019D8F5410034430B /* LaunchScreen.xib in Resources */ = {isa = PBXBuildFile; fileRef = DDD5EB7E19D8F5410034430B /* LaunchScreen.xib */; };
		DDD5EBCD19D9036F0034430B /* CFNetwork.framework in Frameworks */ = {isa = PBXBuildFile; fileRef = DDD5EBCC19D9036F0034430B /* CFNetwork.framework */; };
		DDD5EBCF19D9037B0034430B /* SystemConfiguration.framework in Frameworks */ = {isa = PBXBuildFile; fileRef = DDD5EBCE19D9037B0034430B /* SystemConfiguration.framework */; };
/* End PBXBuildFile section */

/* Begin PBXFileReference section */
		8F552CCE1A79D64D001FB21E /* ViewController.xib */ = {isa = PBXFileReference; fileEncoding = 4; lastKnownFileType = file.xib; path = ViewController.xib; sourceTree = "<group>"; };
		8F83F3021A83704300774DAF /* QuartzCore.framework */ = {isa = PBXFileReference; lastKnownFileType = wrapper.framework; name = QuartzCore.framework; path = System/Library/Frameworks/QuartzCore.framework; sourceTree = SDKROOT; };
		8F9007351A76387500DE2468 /* AlipaySDK.framework */ = {isa = PBXFileReference; lastKnownFileType = wrapper.framework; path = AlipaySDK.framework; sourceTree = "<group>"; };
		8F9007381A763D4A00DE2468 /* libsqlite3.dylib */ = {isa = PBXFileReference; lastKnownFileType = "compiled.mach-o.dylib"; name = libsqlite3.dylib; path = usr/lib/libsqlite3.dylib; sourceTree = SDKROOT; };
		8FBFDCF61A63A0C800F0984A /* BeeCloud.framework */ = {isa = PBXFileReference; lastKnownFileType = wrapper.framework; path = BeeCloud.framework; sourceTree = "<group>"; };
		8FBFDCF81A63A46F00F0984A /* CoreGraphics.framework */ = {isa = PBXFileReference; lastKnownFileType = wrapper.framework; name = CoreGraphics.framework; path = System/Library/Frameworks/CoreGraphics.framework; sourceTree = SDKROOT; };
		8FBFDCFA1A63A48000F0984A /* MobileCoreServices.framework */ = {isa = PBXFileReference; lastKnownFileType = wrapper.framework; name = MobileCoreServices.framework; path = System/Library/Frameworks/MobileCoreServices.framework; sourceTree = SDKROOT; };
		8FBFDCFC1A63A49100F0984A /* CoreTelephony.framework */ = {isa = PBXFileReference; lastKnownFileType = wrapper.framework; name = CoreTelephony.framework; path = System/Library/Frameworks/CoreTelephony.framework; sourceTree = SDKROOT; };
		8FBFDCFE1A63A49B00F0984A /* CoreLocation.framework */ = {isa = PBXFileReference; lastKnownFileType = wrapper.framework; name = CoreLocation.framework; path = System/Library/Frameworks/CoreLocation.framework; sourceTree = SDKROOT; };
		8FCCB1161A5B8210006BAE8F /* libc++.dylib */ = {isa = PBXFileReference; lastKnownFileType = "compiled.mach-o.dylib"; name = "libc++.dylib"; path = "usr/lib/libc++.dylib"; sourceTree = SDKROOT; };
		8FCCB1181A5B839B006BAE8F /* libz.dylib */ = {isa = PBXFileReference; lastKnownFileType = "compiled.mach-o.dylib"; name = libz.dylib; path = usr/lib/libz.dylib; sourceTree = SDKROOT; };
		DD3DA6A41A077F8900F7B55B /* CommonUtil.h */ = {isa = PBXFileReference; fileEncoding = 4; lastKnownFileType = sourcecode.c.h; path = CommonUtil.h; sourceTree = "<group>"; };
		DD3DA6A51A077F8900F7B55B /* CommonUtil.m */ = {isa = PBXFileReference; fileEncoding = 4; lastKnownFileType = sourcecode.c.objc; path = CommonUtil.m; sourceTree = "<group>"; };
		DDD5EB6C19D8F5410034430B /* testAliPay.app */ = {isa = PBXFileReference; explicitFileType = wrapper.application; includeInIndex = 0; path = testAliPay.app; sourceTree = BUILT_PRODUCTS_DIR; };
		DDD5EB7019D8F5410034430B /* Info.plist */ = {isa = PBXFileReference; lastKnownFileType = text.plist.xml; path = Info.plist; sourceTree = "<group>"; };
		DDD5EB7119D8F5410034430B /* main.m */ = {isa = PBXFileReference; lastKnownFileType = sourcecode.c.objc; path = main.m; sourceTree = "<group>"; };
		DDD5EB7319D8F5410034430B /* AppDelegate.h */ = {isa = PBXFileReference; lastKnownFileType = sourcecode.c.h; path = AppDelegate.h; sourceTree = "<group>"; };
		DDD5EB7419D8F5410034430B /* AppDelegate.m */ = {isa = PBXFileReference; lastKnownFileType = sourcecode.c.objc; path = AppDelegate.m; sourceTree = "<group>"; };
		DDD5EB7619D8F5410034430B /* ViewController.h */ = {isa = PBXFileReference; lastKnownFileType = sourcecode.c.h; path = ViewController.h; sourceTree = "<group>"; };
		DDD5EB7719D8F5410034430B /* ViewController.mm */ = {isa = PBXFileReference; lastKnownFileType = sourcecode.cpp.objcpp; path = ViewController.mm; sourceTree = "<group>"; };
		DDD5EB7C19D8F5410034430B /* Images.xcassets */ = {isa = PBXFileReference; lastKnownFileType = folder.assetcatalog; path = Images.xcassets; sourceTree = "<group>"; };
		DDD5EB7F19D8F5410034430B /* Base */ = {isa = PBXFileReference; lastKnownFileType = file.xib; name = Base; path = Base.lproj/LaunchScreen.xib; sourceTree = "<group>"; };
		DDD5EBCC19D9036F0034430B /* CFNetwork.framework */ = {isa = PBXFileReference; lastKnownFileType = wrapper.framework; name = CFNetwork.framework; path = System/Library/Frameworks/CFNetwork.framework; sourceTree = SDKROOT; };
		DDD5EBCE19D9037B0034430B /* SystemConfiguration.framework */ = {isa = PBXFileReference; lastKnownFileType = wrapper.framework; name = SystemConfiguration.framework; path = System/Library/Frameworks/SystemConfiguration.framework; sourceTree = SDKROOT; };
/* End PBXFileReference section */

/* Begin PBXFrameworksBuildPhase section */
		DDD5EB6919D8F5410034430B /* Frameworks */ = {
			isa = PBXFrameworksBuildPhase;
			buildActionMask = 2147483647;
			files = (
				8FC83E541A8468FC00AE6756 /* BeeCloud.framework in Frameworks */,
				8F83F3031A83704300774DAF /* QuartzCore.framework in Frameworks */,
				8F9007391A763D4A00DE2468 /* libsqlite3.dylib in Frameworks */,
				8F9007361A76387500DE2468 /* AlipaySDK.framework in Frameworks */,
				8FBFDCFF1A63A49B00F0984A /* CoreLocation.framework in Frameworks */,
				8FBFDCFD1A63A49100F0984A /* CoreTelephony.framework in Frameworks */,
				8FBFDCFB1A63A48000F0984A /* MobileCoreServices.framework in Frameworks */,
				8FBFDCF91A63A46F00F0984A /* CoreGraphics.framework in Frameworks */,
				8FCCB1191A5B839B006BAE8F /* libz.dylib in Frameworks */,
				8FCCB1171A5B8210006BAE8F /* libc++.dylib in Frameworks */,
				DDD5EBCF19D9037B0034430B /* SystemConfiguration.framework in Frameworks */,
				DDD5EBCD19D9036F0034430B /* CFNetwork.framework in Frameworks */,
			);
			runOnlyForDeploymentPostprocessing = 0;
		};
/* End PBXFrameworksBuildPhase section */

/* Begin PBXGroup section */
		8FC83E611A84D12400AE6756 /* Frameworks */ = {
			isa = PBXGroup;
			children = (
				8F83F3021A83704300774DAF /* QuartzCore.framework */,
				8F9007351A76387500DE2468 /* AlipaySDK.framework */,
				8FBFDCFE1A63A49B00F0984A /* CoreLocation.framework */,
				8FBFDCFC1A63A49100F0984A /* CoreTelephony.framework */,
				8FBFDCFA1A63A48000F0984A /* MobileCoreServices.framework */,
				8FBFDCF81A63A46F00F0984A /* CoreGraphics.framework */,
				8FBFDCF61A63A0C800F0984A /* BeeCloud.framework */,
				8FCCB1181A5B839B006BAE8F /* libz.dylib */,
				8F9007381A763D4A00DE2468 /* libsqlite3.dylib */,
				8FCCB1161A5B8210006BAE8F /* libc++.dylib */,
			);
			name = Frameworks;
			sourceTree = "<group>";
		};
		DDD5EB6319D8F5410034430B = {
			isa = PBXGroup;
			children = (
				8FC83E611A84D12400AE6756 /* Frameworks */,
				DD3DA6A41A077F8900F7B55B /* CommonUtil.h */,
				DD3DA6A51A077F8900F7B55B /* CommonUtil.m */,
				DDD5EB6E19D8F5410034430B /* testAliPay */,
				DDD5EB6D19D8F5410034430B /* Products */,
			);
			sourceTree = "<group>";
		};
		DDD5EB6D19D8F5410034430B /* Products */ = {
			isa = PBXGroup;
			children = (
				DDD5EB6C19D8F5410034430B /* testAliPay.app */,
			);
			name = Products;
			sourceTree = "<group>";
		};
		DDD5EB6E19D8F5410034430B /* testAliPay */ = {
			isa = PBXGroup;
			children = (
				DDD5EB7319D8F5410034430B /* AppDelegate.h */,
				DDD5EB7419D8F5410034430B /* AppDelegate.m */,
				DDD5EB7619D8F5410034430B /* ViewController.h */,
				DDD5EB7719D8F5410034430B /* ViewController.mm */,
				8F552CCE1A79D64D001FB21E /* ViewController.xib */,
				DDD5EB7C19D8F5410034430B /* Images.xcassets */,
				DDD5EB7E19D8F5410034430B /* LaunchScreen.xib */,
				DDD5EB6F19D8F5410034430B /* Supporting Files */,
			);
			path = testAliPay;
			sourceTree = "<group>";
		};
		DDD5EB6F19D8F5410034430B /* Supporting Files */ = {
			isa = PBXGroup;
			children = (
				DDD5EBCC19D9036F0034430B /* CFNetwork.framework */,
				DDD5EBCE19D9037B0034430B /* SystemConfiguration.framework */,
				DDD5EB7019D8F5410034430B /* Info.plist */,
				DDD5EB7119D8F5410034430B /* main.m */,
			);
			name = "Supporting Files";
			sourceTree = "<group>";
		};
/* End PBXGroup section */

/* Begin PBXNativeTarget section */
		DDD5EB6B19D8F5410034430B /* testAliPay */ = {
			isa = PBXNativeTarget;
			buildConfigurationList = DDD5EB8F19D8F5410034430B /* Build configuration list for PBXNativeTarget "testAliPay" */;
			buildPhases = (
				DDD5EB6819D8F5410034430B /* Sources */,
				DDD5EB6919D8F5410034430B /* Frameworks */,
				DDD5EB6A19D8F5410034430B /* Resources */,
			);
			buildRules = (
			);
			dependencies = (
			);
			name = testAliPay;
			productName = testAliPay;
			productReference = DDD5EB6C19D8F5410034430B /* testAliPay.app */;
			productType = "com.apple.product-type.application";
		};
/* End PBXNativeTarget section */

/* Begin PBXProject section */
		DDD5EB6419D8F5410034430B /* Project object */ = {
			isa = PBXProject;
			attributes = {
				LastUpgradeCheck = 0600;
				ORGANIZATIONNAME = wifitong;
				TargetAttributes = {
					DDD5EB6B19D8F5410034430B = {
						CreatedOnToolsVersion = 6.0.1;
						DevelopmentTeam = Y5MWN9388T;
					};
				};
			};
			buildConfigurationList = DDD5EB6719D8F5410034430B /* Build configuration list for PBXProject "testAliPay" */;
			compatibilityVersion = "Xcode 3.2";
			developmentRegion = English;
			hasScannedForEncodings = 0;
			knownRegions = (
				en,
				Base,
			);
			mainGroup = DDD5EB6319D8F5410034430B;
			productRefGroup = DDD5EB6D19D8F5410034430B /* Products */;
			projectDirPath = "";
			projectRoot = "";
			targets = (
				DDD5EB6B19D8F5410034430B /* testAliPay */,
			);
		};
/* End PBXProject section */

/* Begin PBXResourcesBuildPhase section */
		DDD5EB6A19D8F5410034430B /* Resources */ = {
			isa = PBXResourcesBuildPhase;
			buildActionMask = 2147483647;
			files = (
				8F552CCF1A79D64D001FB21E /* ViewController.xib in Resources */,
				DDD5EB8019D8F5410034430B /* LaunchScreen.xib in Resources */,
				DDD5EB7D19D8F5410034430B /* Images.xcassets in Resources */,
			);
			runOnlyForDeploymentPostprocessing = 0;
		};
/* End PBXResourcesBuildPhase section */

/* Begin PBXSourcesBuildPhase section */
		DDD5EB6819D8F5410034430B /* Sources */ = {
			isa = PBXSourcesBuildPhase;
			buildActionMask = 2147483647;
			files = (
				DDD5EB7819D8F5410034430B /* ViewController.mm in Sources */,
				DDD5EB7519D8F5410034430B /* AppDelegate.m in Sources */,
				DDD5EB7219D8F5410034430B /* main.m in Sources */,
				DD3DA6A61A077F8900F7B55B /* CommonUtil.m in Sources */,
			);
			runOnlyForDeploymentPostprocessing = 0;
		};
/* End PBXSourcesBuildPhase section */

/* Begin PBXVariantGroup section */
		DDD5EB7E19D8F5410034430B /* LaunchScreen.xib */ = {
			isa = PBXVariantGroup;
			children = (
				DDD5EB7F19D8F5410034430B /* Base */,
			);
			name = LaunchScreen.xib;
			sourceTree = "<group>";
		};
/* End PBXVariantGroup section */

/* Begin XCBuildConfiguration section */
		DDD5EB8D19D8F5410034430B /* Debug */ = {
			isa = XCBuildConfiguration;
			buildSettings = {
				ALWAYS_SEARCH_USER_PATHS = NO;
				CLANG_CXX_LANGUAGE_STANDARD = "compiler-default";
				CLANG_CXX_LIBRARY = "compiler-default";
				CLANG_ENABLE_MODULES = YES;
				CLANG_ENABLE_OBJC_ARC = YES;
				CLANG_WARN_BOOL_CONVERSION = YES;
				CLANG_WARN_CONSTANT_CONVERSION = YES;
				CLANG_WARN_DIRECT_OBJC_ISA_USAGE = YES_ERROR;
				CLANG_WARN_EMPTY_BODY = YES;
				CLANG_WARN_ENUM_CONVERSION = YES;
				CLANG_WARN_INT_CONVERSION = YES;
				CLANG_WARN_OBJC_ROOT_CLASS = YES_ERROR;
				CLANG_WARN_UNREACHABLE_CODE = YES;
				CLANG_WARN__DUPLICATE_METHOD_MATCH = YES;
				"CODE_SIGN_IDENTITY[sdk=iphoneos*]" = "iPhone Developer";
				COPY_PHASE_STRIP = NO;
				ENABLE_STRICT_OBJC_MSGSEND = YES;
				GCC_C_LANGUAGE_STANDARD = gnu99;
				GCC_DYNAMIC_NO_PIC = NO;
				GCC_INPUT_FILETYPE = automatic;
				GCC_OPTIMIZATION_LEVEL = 0;
				GCC_PREPROCESSOR_DEFINITIONS = (
					"DEBUG=1",
					"$(inherited)",
				);
				GCC_SYMBOLS_PRIVATE_EXTERN = NO;
				GCC_WARN_64_TO_32_BIT_CONVERSION = YES;
				GCC_WARN_ABOUT_RETURN_TYPE = YES_ERROR;
				GCC_WARN_UNDECLARED_SELECTOR = YES;
				GCC_WARN_UNINITIALIZED_AUTOS = YES_AGGRESSIVE;
				GCC_WARN_UNUSED_FUNCTION = YES;
				GCC_WARN_UNUSED_VARIABLE = YES;
				IPHONEOS_DEPLOYMENT_TARGET = 7.0;
				MTL_ENABLE_DEBUG_INFO = YES;
				ONLY_ACTIVE_ARCH = YES;
				OTHER_LDFLAGS = "";
				SDKROOT = iphoneos;
			};
			name = Debug;
		};
		DDD5EB8E19D8F5410034430B /* Release */ = {
			isa = XCBuildConfiguration;
			buildSettings = {
				ALWAYS_SEARCH_USER_PATHS = NO;
				CLANG_CXX_LANGUAGE_STANDARD = "compiler-default";
				CLANG_CXX_LIBRARY = "compiler-default";
				CLANG_ENABLE_MODULES = YES;
				CLANG_ENABLE_OBJC_ARC = YES;
				CLANG_WARN_BOOL_CONVERSION = YES;
				CLANG_WARN_CONSTANT_CONVERSION = YES;
				CLANG_WARN_DIRECT_OBJC_ISA_USAGE = YES_ERROR;
				CLANG_WARN_EMPTY_BODY = YES;
				CLANG_WARN_ENUM_CONVERSION = YES;
				CLANG_WARN_INT_CONVERSION = YES;
				CLANG_WARN_OBJC_ROOT_CLASS = YES_ERROR;
				CLANG_WARN_UNREACHABLE_CODE = YES;
				CLANG_WARN__DUPLICATE_METHOD_MATCH = YES;
				"CODE_SIGN_IDENTITY[sdk=iphoneos*]" = "iPhone Developer";
				COPY_PHASE_STRIP = YES;
				ENABLE_NS_ASSERTIONS = NO;
				ENABLE_STRICT_OBJC_MSGSEND = YES;
				GCC_C_LANGUAGE_STANDARD = gnu99;
				GCC_INPUT_FILETYPE = automatic;
				GCC_WARN_64_TO_32_BIT_CONVERSION = YES;
				GCC_WARN_ABOUT_RETURN_TYPE = YES_ERROR;
				GCC_WARN_UNDECLARED_SELECTOR = YES;
				GCC_WARN_UNINITIALIZED_AUTOS = YES_AGGRESSIVE;
				GCC_WARN_UNUSED_FUNCTION = YES;
				GCC_WARN_UNUSED_VARIABLE = YES;
				IPHONEOS_DEPLOYMENT_TARGET = 7.0;
				MTL_ENABLE_DEBUG_INFO = NO;
				OTHER_LDFLAGS = "";
				SDKROOT = iphoneos;
				VALIDATE_PRODUCT = YES;
			};
			name = Release;
		};
		DDD5EB9019D8F5410034430B /* Debug */ = {
			isa = XCBuildConfiguration;
			buildSettings = {
				ASSETCATALOG_COMPILER_APPICON_NAME = AppIcon;
				CLANG_CXX_LANGUAGE_STANDARD = "compiler-default";
				CLANG_CXX_LIBRARY = "compiler-default";
				CODE_SIGN_IDENTITY = "iPhone Developer";
				"CODE_SIGN_IDENTITY[sdk=iphoneos*]" = "iPhone Developer";
				FRAMEWORK_SEARCH_PATHS = (
					"$(inherited)",
					"$(PROJECT_DIR)",
				);
				INFOPLIST_FILE = testAliPay/Info.plist;
				IPHONEOS_DEPLOYMENT_TARGET = 7.0;
				LD_RUNPATH_SEARCH_PATHS = "$(inherited) @executable_path/Frameworks";
				LIBRARY_SEARCH_PATHS = (
					"$(inherited)",
					"$(PROJECT_DIR)/testAliPay/alipay",
					"$(PROJECT_DIR)/WeChatSDK_1.4.1",
				);
				ONLY_ACTIVE_ARCH = NO;
				OTHER_LDFLAGS = "-ObjC";
				PRODUCT_NAME = "$(TARGET_NAME)";
				PROVISIONING_PROFILE = "";
				VALID_ARCHS = "armv7 armv7s";
			};
			name = Debug;
		};
		DDD5EB9119D8F5410034430B /* Release */ = {
			isa = XCBuildConfiguration;
			buildSettings = {
				ASSETCATALOG_COMPILER_APPICON_NAME = AppIcon;
				CLANG_CXX_LANGUAGE_STANDARD = "compiler-default";
				CLANG_CXX_LIBRARY = "compiler-default";
				CODE_SIGN_IDENTITY = "iPhone Developer";
				"CODE_SIGN_IDENTITY[sdk=iphoneos*]" = "iPhone Developer";
				FRAMEWORK_SEARCH_PATHS = (
					"$(inherited)",
					"$(PROJECT_DIR)",
				);
				INFOPLIST_FILE = testAliPay/Info.plist;
				IPHONEOS_DEPLOYMENT_TARGET = 7.0;
				LD_RUNPATH_SEARCH_PATHS = "$(inherited) @executable_path/Frameworks";
				LIBRARY_SEARCH_PATHS = (
					"$(inherited)",
					"$(PROJECT_DIR)/testAliPay/alipay",
					"$(PROJECT_DIR)/WeChatSDK_1.4.1",
				);
				OTHER_LDFLAGS = "-ObjC";
				PRODUCT_NAME = "$(TARGET_NAME)";
				PROVISIONING_PROFILE = "";
				VALID_ARCHS = "armv7 armv7s";
			};
			name = Release;
		};
/* End XCBuildConfiguration section */

/* Begin XCConfigurationList section */
		DDD5EB6719D8F5410034430B /* Build configuration list for PBXProject "testAliPay" */ = {
			isa = XCConfigurationList;
			buildConfigurations = (
				DDD5EB8D19D8F5410034430B /* Debug */,
				DDD5EB8E19D8F5410034430B /* Release */,
			);
			defaultConfigurationIsVisible = 0;
			defaultConfigurationName = Release;
		};
		DDD5EB8F19D8F5410034430B /* Build configuration list for PBXNativeTarget "testAliPay" */ = {
			isa = XCConfigurationList;
			buildConfigurations = (
				DDD5EB9019D8F5410034430B /* Debug */,
				DDD5EB9119D8F5410034430B /* Release */,
			);
			defaultConfigurationIsVisible = 0;
			defaultConfigurationName = Release;
		};
/* End XCConfigurationList section */
	};
	rootObject = DDD5EB6419D8F5410034430B /* Project object */;
}
